{
  "name": "roarplay",
  "version": "1.0.0",
  "lockfileVersion": 2,
  "requires": true,
  "packages": {
    "": {
      "name": "roarplay",
      "version": "1.0.0",
      "license": "ISC",
      "dependencies": {
        "envjs": "^0.0.1",
        "pizzicato": "^0.6.4",
        "wavesurfer.js": "^6.4.0"
      }
    },
    "node_modules/envjs": {
      "version": "0.0.1",
      "resolved": "https://registry.npmjs.org/envjs/-/envjs-0.0.1.tgz",
      "integrity": "sha512-OIaobLc72uWeq3LQjEy+voOgFI62GZA9/4C07D4hLDUwYyxXsL2lVGvDpt/CyNFDC6ibFKkWl/LK/cvGNq66ZA=="
    },
    "node_modules/pizzicato": {
      "version": "0.6.4",
      "resolved": "https://registry.npmjs.org/pizzicato/-/pizzicato-0.6.4.tgz",
      "integrity": "sha512-1Y4UGnhdBvCoeRTt4Cor/zPRsH/pEAGsBESy0zeR8mH2i2piJRQLEEctkzUJGo6h64GiepZy+LFaJ/a3riR+WA=="
    },
    "node_modules/wavesurfer.js": {
      "version": "6.4.0",
      "resolved": "https://registry.npmjs.org/wavesurfer.js/-/wavesurfer.js-6.4.0.tgz",
      "integrity": "sha512-+i9GkYdMTm998goOWvycWqCgxfbolnuGTPgrdGss7ZbQDuu+n6AHdnJwYnqxW8RZo5A2ck6ztzXbrXGuCi0m5g=="
    }
  },
  "dependencies": {
    "envjs": {
      "version": "0.0.1",
      "resolved": "https://registry.npmjs.org/envjs/-/envjs-0.0.1.tgz",
      "integrity": "sha512-OIaobLc72uWeq3LQjEy+voOgFI62GZA9/4C07D4hLDUwYyxXsL2lVGvDpt/CyNFDC6ibFKkWl/LK/cvGNq66ZA=="
    },
    "pizzicato": {
      "version": "0.6.4",
      "resolved": "https://registry.npmjs.org/pizzicato/-/pizzicato-0.6.4.tgz",
      "integrity": "sha512-1Y4UGnhdBvCoeRTt4Cor/zPRsH/pEAGsBESy0zeR8mH2i2piJRQLEEctkzUJGo6h64GiepZy+LFaJ/a3riR+WA=="
    },
    "wavesurfer.js": {
      "version": "6.4.0",
      "resolved": "https://registry.npmjs.org/wavesurfer.js/-/wavesurfer.js-6.4.0.tgz",
      "integrity": "sha512-+i9GkYdMTm998goOWvycWqCgxfbolnuGTPgrdGss7ZbQDuu+n6AHdnJwYnqxW8RZo5A2ck6ztzXbrXGuCi0m5g=="
    }
  }
}
